// !$*UTF8*$!
{
	archiveVersion = 1;
	classes = {
	};
	objectVersion = 56;
	objects = {

/* Begin PBXBuildFile section */
		FFC50BCB2AD8BA3300761FEC /* NasaApp.swift in Sources */ = {isa = PBXBuildFile; fileRef = FFC50BCA2AD8BA3300761FEC /* NasaApp.swift */; };
		FFC50BCD2AD8BA3300761FEC /* ContentView.swift in Sources */ = {isa = PBXBuildFile; fileRef = FFC50BCC2AD8BA3300761FEC /* ContentView.swift */; };
		FFC50BCF2AD8BA3400761FEC /* Assets.xcassets in Resources */ = {isa = PBXBuildFile; fileRef = FFC50BCE2AD8BA3400761FEC /* Assets.xcassets */; };
		FFC50BD22AD8BA3400761FEC /* Preview Assets.xcassets in Resources */ = {isa = PBXBuildFile; fileRef = FFC50BD12AD8BA3400761FEC /* Preview Assets.xcassets */; };
		FFC50BDC2AD8BA3400761FEC /* NasaTests.swift in Sources */ = {isa = PBXBuildFile; fileRef = FFC50BDB2AD8BA3400761FEC /* NasaTests.swift */; };
		FFC50BE62AD8BA3400761FEC /* NasaUITests.swift in Sources */ = {isa = PBXBuildFile; fileRef = FFC50BE52AD8BA3400761FEC /* NasaUITests.swift */; };
		FFC50BE82AD8BA3400761FEC /* NasaUITestsLaunchTests.swift in Sources */ = {isa = PBXBuildFile; fileRef = FFC50BE72AD8BA3400761FEC /* NasaUITestsLaunchTests.swift */; };
/* End PBXBuildFile section */

/* Begin PBXContainerItemProxy section */
		FFC50BD82AD8BA3400761FEC /* PBXContainerItemProxy */ = {
			isa = PBXContainerItemProxy;
			containerPortal = FFC50BBF2AD8BA3300761FEC /* Project object */;
			proxyType = 1;
			remoteGlobalIDString = FFC50BC62AD8BA3300761FEC;
			remoteInfo = Nasa;
		};
		FFC50BE22AD8BA3400761FEC /* PBXContainerItemProxy */ = {
			isa = PBXContainerItemProxy;
			containerPortal = FFC50BBF2AD8BA3300761FEC /* Project object */;
			proxyType = 1;
			remoteGlobalIDString = FFC50BC62AD8BA3300761FEC;
			remoteInfo = Nasa;
		};
/* End PBXContainerItemProxy section */

/* Begin PBXFileReference section */
		FFC50BC72AD8BA3300761FEC /* Nasa.app */ = {isa = PBXFileReference; explicitFileType = wrapper.application; includeInIndex = 0; path = Nasa.app; sourceTree = BUILT_PRODUCTS_DIR; };
		FFC50BCA2AD8BA3300761FEC /* NasaApp.swift */ = {isa = PBXFileReference; lastKnownFileType = sourcecode.swift; path = NasaApp.swift; sourceTree = "<group>"; };
		FFC50BCC2AD8BA3300761FEC /* ContentView.swift */ = {isa = PBXFileReference; lastKnownFileType = sourcecode.swift; path = ContentView.swift; sourceTree = "<group>"; };
		FFC50BCE2AD8BA3400761FEC /* Assets.xcassets */ = {isa = PBXFileReference; lastKnownFileType = folder.assetcatalog; path = Assets.xcassets; sourceTree = "<group>"; };
		FFC50BD12AD8BA3400761FEC /* Preview Assets.xcassets */ = {isa = PBXFileReference; lastKnownFileType = folder.assetcatalog; path = "Preview Assets.xcassets"; sourceTree = "<group>"; };
		FFC50BD72AD8BA3400761FEC /* NasaTests.xctest */ = {isa = PBXFileReference; explicitFileType = wrapper.cfbundle; includeInIndex = 0; path = NasaTests.xctest; sourceTree = BUILT_PRODUCTS_DIR; };
		FFC50BDB2AD8BA3400761FEC /* NasaTests.swift */ = {isa = PBXFileReference; lastKnownFileType = sourcecode.swift; path = NasaTests.swift; sourceTree = "<group>"; };
		FFC50BE12AD8BA3400761FEC /* NasaUITests.xctest */ = {isa = PBXFileReference; explicitFileType = wrapper.cfbundle; includeInIndex = 0; path = NasaUITests.xctest; sourceTree = BUILT_PRODUCTS_DIR; };
		FFC50BE52AD8BA3400761FEC /* NasaUITests.swift */ = {isa = PBXFileReference; lastKnownFileType = sourcecode.swift; path = NasaUITests.swift; sourceTree = "<group>"; };
		FFC50BE72AD8BA3400761FEC /* NasaUITestsLaunchTests.swift */ = {isa = PBXFileReference; lastKnownFileType = sourcecode.swift; path = NasaUITestsLaunchTests.swift; sourceTree = "<group>"; };
/* End PBXFileReference section */

/* Begin PBXFrameworksBuildPhase section */
		FFC50BC42AD8BA3300761FEC /* Frameworks */ = {
			isa = PBXFrameworksBuildPhase;
			buildActionMask = 2147483647;
			files = (
			);
			runOnlyForDeploymentPostprocessing = 0;
		};
		FFC50BD42AD8BA3400761FEC /* Frameworks */ = {
			isa = PBXFrameworksBuildPhase;
			buildActionMask = 2147483647;
			files = (
			);
			runOnlyForDeploymentPostprocessing = 0;
		};
		FFC50BDE2AD8BA3400761FEC /* Frameworks */ = {
			isa = PBXFrameworksBuildPhase;
			buildActionMask = 2147483647;
			files = (
			);
			runOnlyForDeploymentPostprocessing = 0;
		};
/* End PBXFrameworksBuildPhase section */

/* Begin PBXGroup section */
		FFC50BBE2AD8BA3300761FEC = {
			isa = PBXGroup;
			children = (
				FFC50BC92AD8BA3300761FEC /* Nasa */,
				FFC50BDA2AD8BA3400761FEC /* NasaTests */,
				FFC50BE42AD8BA3400761FEC /* NasaUITests */,
				FFC50BC82AD8BA3300761FEC /* Products */,
			);
			sourceTree = "<group>";
		};
		FFC50BC82AD8BA3300761FEC /* Products */ = {
			isa = PBXGroup;
			children = (
				FFC50BC72AD8BA3300761FEC /* Nasa.app */,
				FFC50BD72AD8BA3400761FEC /* NasaTests.xctest */,
				FFC50BE12AD8BA3400761FEC /* NasaUITests.xctest */,
			);
			name = Products;
			sourceTree = "<group>";
		};
		FFC50BC92AD8BA3300761FEC /* Nasa */ = {
			isa = PBXGroup;
			children = (
				FFC50BCA2AD8BA3300761FEC /* NasaApp.swift */,
				FFC50BCC2AD8BA3300761FEC /* ContentView.swift */,
				FFC50BCE2AD8BA3400761FEC /* Assets.xcassets */,
				FFC50BD02AD8BA3400761FEC /* Preview Content */,
			);
			path = Nasa;
			sourceTree = "<group>";
		};
		FFC50BD02AD8BA3400761FEC /* Preview Content */ = {
			isa = PBXGroup;
			children = (
				FFC50BD12AD8BA3400761FEC /* Preview Assets.xcassets */,
			);
			path = "Preview Content";
			sourceTree = "<group>";
		};
		FFC50BDA2AD8BA3400761FEC /* NasaTests */ = {
			isa = PBXGroup;
			children = (
				FFC50BDB2AD8BA3400761FEC /* NasaTests.swift */,
			);
			path = NasaTests;
			sourceTree = "<group>";
		};
		FFC50BE42AD8BA3400761FEC /* NasaUITests */ = {
			isa = PBXGroup;
			children = (
				FFC50BE52AD8BA3400761FEC /* NasaUITests.swift */,
				FFC50BE72AD8BA3400761FEC /* NasaUITestsLaunchTests.swift */,
			);
			path = NasaUITests;
			sourceTree = "<group>";
		};
/* End PBXGroup section */

/* Begin PBXNativeTarget section */
		FFC50BC62AD8BA3300761FEC /* Nasa */ = {
			isa = PBXNativeTarget;
			buildConfigurationList = FFC50BEB2AD8BA3400761FEC /* Build configuration list for PBXNativeTarget "Nasa" */;
			buildPhases = (
				FFC50BC32AD8BA3300761FEC /* Sources */,
				FFC50BC42AD8BA3300761FEC /* Frameworks */,
				FFC50BC52AD8BA3300761FEC /* Resources */,
			);
			buildRules = (
			);
			dependencies = (
			);
			name = Nasa;
			productName = Nasa;
			productReference = FFC50BC72AD8BA3300761FEC /* Nasa.app */;
			productType = "com.apple.product-type.application";
		};
		FFC50BD62AD8BA3400761FEC /* NasaTests */ = {
			isa = PBXNativeTarget;
			buildConfigurationList = FFC50BEE2AD8BA3400761FEC /* Build configuration list for PBXNativeTarget "NasaTests" */;
			buildPhases = (
				FFC50BD32AD8BA3400761FEC /* Sources */,
				FFC50BD42AD8BA3400761FEC /* Frameworks */,
				FFC50BD52AD8BA3400761FEC /* Resources */,
			);
			buildRules = (
			);
			dependencies = (
				FFC50BD92AD8BA3400761FEC /* PBXTargetDependency */,
			);
			name = NasaTests;
			productName = NasaTests;
			productReference = FFC50BD72AD8BA3400761FEC /* NasaTests.xctest */;
			productType = "com.apple.product-type.bundle.unit-test";
		};
		FFC50BE02AD8BA3400761FEC /* NasaUITests */ = {
			isa = PBXNativeTarget;
			buildConfigurationList = FFC50BF12AD8BA3400761FEC /* Build configuration list for PBXNativeTarget "NasaUITests" */;
			buildPhases = (
				FFC50BDD2AD8BA3400761FEC /* Sources */,
				FFC50BDE2AD8BA3400761FEC /* Frameworks */,
				FFC50BDF2AD8BA3400761FEC /* Resources */,
			);
			buildRules = (
			);
			dependencies = (
				FFC50BE32AD8BA3400761FEC /* PBXTargetDependency */,
			);
			name = NasaUITests;
			productName = NasaUITests;
			productReference = FFC50BE12AD8BA3400761FEC /* NasaUITests.xctest */;
			productType = "com.apple.product-type.bundle.ui-testing";
		};
/* End PBXNativeTarget section */

/* Begin PBXProject section */
		FFC50BBF2AD8BA3300761FEC /* Project object */ = {
			isa = PBXProject;
			attributes = {
				BuildIndependentTargetsInParallel = 1;
				LastSwiftUpdateCheck = 1500;
				LastUpgradeCheck = 1500;
				TargetAttributes = {
					FFC50BC62AD8BA3300761FEC = {
						CreatedOnToolsVersion = 15.0;
					};
					FFC50BD62AD8BA3400761FEC = {
						CreatedOnToolsVersion = 15.0;
						TestTargetID = FFC50BC62AD8BA3300761FEC;
					};
					FFC50BE02AD8BA3400761FEC = {
						CreatedOnToolsVersion = 15.0;
						TestTargetID = FFC50BC62AD8BA3300761FEC;
					};
				};
			};
			buildConfigurationList = FFC50BC22AD8BA3300761FEC /* Build configuration list for PBXProject "Nasa" */;
			compatibilityVersion = "Xcode 14.0";
			developmentRegion = en;
			hasScannedForEncodings = 0;
			knownRegions = (
				en,
				Base,
			);
			mainGroup = FFC50BBE2AD8BA3300761FEC;
			productRefGroup = FFC50BC82AD8BA3300761FEC /* Products */;
			projectDirPath = "";
			projectRoot = "";
			targets = (
				FFC50BC62AD8BA3300761FEC /* Nasa */,
				FFC50BD62AD8BA3400761FEC /* NasaTests */,
				FFC50BE02AD8BA3400761FEC /* NasaUITests */,
			);
		};
/* End PBXProject section */

/* Begin PBXResourcesBuildPhase section */
		FFC50BC52AD8BA3300761FEC /* Resources */ = {
			isa = PBXResourcesBuildPhase;
			buildActionMask = 2147483647;
			files = (
				FFC50BD22AD8BA3400761FEC /* Preview Assets.xcassets in Resources */,
				FFC50BCF2AD8BA3400761FEC /* Assets.xcassets in Resources */,
			);
			runOnlyForDeploymentPostprocessing = 0;
		};
		FFC50BD52AD8BA3400761FEC /* Resources */ = {
			isa = PBXResourcesBuildPhase;
			buildActionMask = 2147483647;
			files = (
			);
			runOnlyForDeploymentPostprocessing = 0;
		};
		FFC50BDF2AD8BA3400761FEC /* Resources */ = {
			isa = PBXResourcesBuildPhase;
			buildActionMask = 2147483647;
			files = (
			);
			runOnlyForDeploymentPostprocessing = 0;
		};
/* End PBXResourcesBuildPhase section */

/* Begin PBXSourcesBuildPhase section */
		FFC50BC32AD8BA3300761FEC /* Sources */ = {
			isa = PBXSourcesBuildPhase;
			buildActionMask = 2147483647;
			files = (
				FFC50BCD2AD8BA3300761FEC /* ContentView.swift in Sources */,
				FFC50BCB2AD8BA3300761FEC /* NasaApp.swift in Sources */,
			);
			runOnlyForDeploymentPostprocessing = 0;
		};
		FFC50BD32AD8BA3400761FEC /* Sources */ = {
			isa = PBXSourcesBuildPhase;
			buildActionMask = 2147483647;
			files = (
				FFC50BDC2AD8BA3400761FEC /* NasaTests.swift in Sources */,
			);
			runOnlyForDeploymentPostprocessing = 0;
		};
		FFC50BDD2AD8BA3400761FEC /* Sources */ = {
			isa = PBXSourcesBuildPhase;
			buildActionMask = 2147483647;
			files = (
				FFC50BE62AD8BA3400761FEC /* NasaUITests.swift in Sources */,
				FFC50BE82AD8BA3400761FEC /* NasaUITestsLaunchTests.swift in Sources */,
			);
			runOnlyForDeploymentPostprocessing = 0;
		};
/* End PBXSourcesBuildPhase section */

/* Begin PBXTargetDependency section */
		FFC50BD92AD8BA3400761FEC /* PBXTargetDependency */ = {
			isa = PBXTargetDependency;
			target = FFC50BC62AD8BA3300761FEC /* Nasa */;
			targetProxy = FFC50BD82AD8BA3400761FEC /* PBXContainerItemProxy */;
		};
		FFC50BE32AD8BA3400761FEC /* PBXTargetDependency */ = {
			isa = PBXTargetDependency;
			target = FFC50BC62AD8BA3300761FEC /* Nasa */;
			targetProxy = FFC50BE22AD8BA3400761FEC /* PBXContainerItemProxy */;
		};
/* End PBXTargetDependency section */

/* Begin XCBuildConfiguration section */
		FFC50BE92AD8BA3400761FEC /* Debug */ = {
			isa = XCBuildConfiguration;
			buildSettings = {
				ALWAYS_SEARCH_USER_PATHS = NO;
				ASSETCATALOG_COMPILER_GENERATE_SWIFT_ASSET_SYMBOL_EXTENSIONS = YES;
				CLANG_ANALYZER_NONNULL = YES;
				CLANG_ANALYZER_NUMBER_OBJECT_CONVERSION = YES_AGGRESSIVE;
				CLANG_CXX_LANGUAGE_STANDARD = "gnu++20";
				CLANG_ENABLE_MODULES = YES;
				CLANG_ENABLE_OBJC_ARC = YES;
				CLANG_ENABLE_OBJC_WEAK = YES;
				CLANG_WARN_BLOCK_CAPTURE_AUTORELEASING = YES;
				CLANG_WARN_BOOL_CONVERSION = YES;
				CLANG_WARN_COMMA = YES;
				CLANG_WARN_CONSTANT_CONVERSION = YES;
				CLANG_WARN_DEPRECATED_OBJC_IMPLEMENTATIONS = YES;
				CLANG_WARN_DIRECT_OBJC_ISA_USAGE = YES_ERROR;
				CLANG_WARN_DOCUMENTATION_COMMENTS = YES;
				CLANG_WARN_EMPTY_BODY = YES;
				CLANG_WARN_ENUM_CONVERSION = YES;
				CLANG_WARN_INFINITE_RECURSION = YES;
				CLANG_WARN_INT_CONVERSION = YES;
				CLANG_WARN_NON_LITERAL_NULL_CONVERSION = YES;
				CLANG_WARN_OBJC_IMPLICIT_RETAIN_SELF = YES;
				CLANG_WARN_OBJC_LITERAL_CONVERSION = YES;
				CLANG_WARN_OBJC_ROOT_CLASS = YES_ERROR;
				CLANG_WARN_QUOTED_INCLUDE_IN_FRAMEWORK_HEADER = YES;
				CLANG_WARN_RANGE_LOOP_ANALYSIS = YES;
				CLANG_WARN_STRICT_PROTOTYPES = YES;
				CLANG_WARN_SUSPICIOUS_MOVE = YES;
				CLANG_WARN_UNGUARDED_AVAILABILITY = YES_AGGRESSIVE;
				CLANG_WARN_UNREACHABLE_CODE = YES;
				CLANG_WARN__DUPLICATE_METHOD_MATCH = YES;
				COPY_PHASE_STRIP = NO;
				DEBUG_INFORMATION_FORMAT = dwarf;
				ENABLE_STRICT_OBJC_MSGSEND = YES;
				ENABLE_TESTABILITY = YES;
				ENABLE_USER_SCRIPT_SANDBOXING = YES;
				GCC_C_LANGUAGE_STANDARD = gnu17;
				GCC_DYNAMIC_NO_PIC = NO;
				GCC_NO_COMMON_BLOCKS = YES;
				GCC_OPTIMIZATION_LEVEL = 0;
				GCC_PREPROCESSOR_DEFINITIONS = (
					"DEBUG=1",
					"$(inherited)",
				);
				GCC_WARN_64_TO_32_BIT_CONVERSION = YES;
				GCC_WARN_ABOUT_RETURN_TYPE = YES_ERROR;
				GCC_WARN_UNDECLARED_SELECTOR = YES;
				GCC_WARN_UNINITIALIZED_AUTOS = YES_AGGRESSIVE;
				GCC_WARN_UNUSED_FUNCTION = YES;
				GCC_WARN_UNUSED_VARIABLE = YES;
				IPHONEOS_DEPLOYMENT_TARGET = 17.0;
				LOCALIZATION_PREFERS_STRING_CATALOGS = YES;
				MTL_ENABLE_DEBUG_INFO = INCLUDE_SOURCE;
				MTL_FAST_MATH = YES;
				ONLY_ACTIVE_ARCH = YES;
				SDKROOT = iphoneos;
				SWIFT_ACTIVE_COMPILATION_CONDITIONS = "DEBUG $(inherited)";
				SWIFT_OPTIMIZATION_LEVEL = "-Onone";
			};
			name = Debug;
		};
		FFC50BEA2AD8BA3400761FEC /* Release */ = {
			isa = XCBuildConfiguration;
			buildSettings = {
				ALWAYS_SEARCH_USER_PATHS = NO;
				ASSETCATALOG_COMPILER_GENERATE_SWIFT_ASSET_SYMBOL_EXTENSIONS = YES;
				CLANG_ANALYZER_NONNULL = YES;
				CLANG_ANALYZER_NUMBER_OBJECT_CONVERSION = YES_AGGRESSIVE;
				CLANG_CXX_LANGUAGE_STANDARD = "gnu++20";
				CLANG_ENABLE_MODULES = YES;
				CLANG_ENABLE_OBJC_ARC = YES;
				CLANG_ENABLE_OBJC_WEAK = YES;
				CLANG_WARN_BLOCK_CAPTURE_AUTORELEASING = YES;
				CLANG_WARN_BOOL_CONVERSION = YES;
				CLANG_WARN_COMMA = YES;
				CLANG_WARN_CONSTANT_CONVERSION = YES;
				CLANG_WARN_DEPRECATED_OBJC_IMPLEMENTATIONS = YES;
				CLANG_WARN_DIRECT_OBJC_ISA_USAGE = YES_ERROR;
				CLANG_WARN_DOCUMENTATION_COMMENTS = YES;
				CLANG_WARN_EMPTY_BODY = YES;
				CLANG_WARN_ENUM_CONVERSION = YES;
				CLANG_WARN_INFINITE_RECURSION = YES;
				CLANG_WARN_INT_CONVERSION = YES;
				CLANG_WARN_NON_LITERAL_NULL_CONVERSION = YES;
				CLANG_WARN_OBJC_IMPLICIT_RETAIN_SELF = YES;
				CLANG_WARN_OBJC_LITERAL_CONVERSION = YES;
				CLANG_WARN_OBJC_ROOT_CLASS = YES_ERROR;
				CLANG_WARN_QUOTED_INCLUDE_IN_FRAMEWORK_HEADER = YES;
				CLANG_WARN_RANGE_LOOP_ANALYSIS = YES;
				CLANG_WARN_STRICT_PROTOTYPES = YES;
				CLANG_WARN_SUSPICIOUS_MOVE = YES;
				CLANG_WARN_UNGUARDED_AVAILABILITY = YES_AGGRESSIVE;
				CLANG_WARN_UNREACHABLE_CODE = YES;
				CLANG_WARN__DUPLICATE_METHOD_MATCH = YES;
				COPY_PHASE_STRIP = NO;
				DEBUG_INFORMATION_FORMAT = "dwarf-with-dsym";
				ENABLE_NS_ASSERTIONS = NO;
				ENABLE_STRICT_OBJC_MSGSEND = YES;
				ENABLE_USER_SCRIPT_SANDBOXING = YES;
				GCC_C_LANGUAGE_STANDARD = gnu17;
				GCC_NO_COMMON_BLOCKS = YES;
				GCC_WARN_64_TO_32_BIT_CONVERSION = YES;
				GCC_WARN_ABOUT_RETURN_TYPE = YES_ERROR;
				GCC_WARN_UNDECLARED_SELECTOR = YES;
				GCC_WARN_UNINITIALIZED_AUTOS = YES_AGGRESSIVE;
				GCC_WARN_UNUSED_FUNCTION = YES;
				GCC_WARN_UNUSED_VARIABLE = YES;
				IPHONEOS_DEPLOYMENT_TARGET = 17.0;
				LOCALIZATION_PREFERS_STRING_CATALOGS = YES;
				MTL_ENABLE_DEBUG_INFO = NO;
				MTL_FAST_MATH = YES;
				SDKROOT = iphoneos;
				SWIFT_COMPILATION_MODE = wholemodule;
				VALIDATE_PRODUCT = YES;
			};
			name = Release;
		};
		FFC50BEC2AD8BA3400761FEC /* Debug */ = {
			isa = XCBuildConfiguration;
			buildSettings = {
				ASSETCATALOG_COMPILER_APPICON_NAME = AppIcon;
				ASSETCATALOG_COMPILER_GLOBAL_ACCENT_COLOR_NAME = AccentColor;
				CODE_SIGN_STYLE = Automatic;
				CURRENT_PROJECT_VERSION = 1;
				DEVELOPMENT_ASSET_PATHS = "\"Nasa/Preview Content\"";
				DEVELOPMENT_TEAM = 6M84T8YJW2;
				ENABLE_PREVIEWS = YES;
				GENERATE_INFOPLIST_FILE = YES;
				INFOPLIST_KEY_UIApplicationSceneManifest_Generation = YES;
				INFOPLIST_KEY_UIApplicationSupportsIndirectInputEvents = YES;
				INFOPLIST_KEY_UILaunchScreen_Generation = YES;
				INFOPLIST_KEY_UISupportedInterfaceOrientations_iPad = "UIInterfaceOrientationPortrait UIInterfaceOrientationPortraitUpsideDown UIInterfaceOrientationLandscapeLeft UIInterfaceOrientationLandscapeRight";
				INFOPLIST_KEY_UISupportedInterfaceOrientations_iPhone = "UIInterfaceOrientationPortrait UIInterfaceOrientationLandscapeLeft UIInterfaceOrientationLandscapeRight";
				LD_RUNPATH_SEARCH_PATHS = (
					"$(inherited)",
					"@executable_path/Frameworks",
				);
				MARKETING_VERSION = 1.0;
				PRODUCT_BUNDLE_IDENTIFIER = com.odia.apps.Nasa;
				PRODUCT_NAME = "$(TARGET_NAME)";
				SWIFT_EMIT_LOC_STRINGS = YES;
				SWIFT_VERSION = 5.0;
				TARGETED_DEVICE_FAMILY = "1,2";
			};
			name = Debug;
		};
		FFC50BED2AD8BA3400761FEC /* Release */ = {
			isa = XCBuildConfiguration;
			buildSettings = {
				ASSETCATALOG_COMPILER_APPICON_NAME = AppIcon;
				ASSETCATALOG_COMPILER_GLOBAL_ACCENT_COLOR_NAME = AccentColor;
				CODE_SIGN_STYLE = Automatic;
				CURRENT_PROJECT_VERSION = 1;
				DEVELOPMENT_ASSET_PATHS = "\"Nasa/Preview Content\"";
				DEVELOPMENT_TEAM = 6M84T8YJW2;
				ENABLE_PREVIEWS = YES;
				GENERATE_INFOPLIST_FILE = YES;
				INFOPLIST_KEY_UIApplicationSceneManifest_Generation = YES;
				INFOPLIST_KEY_UIApplicationSupportsIndirectInputEvents = YES;
				INFOPLIST_KEY_UILaunchScreen_Generation = YES;
				INFOPLIST_KEY_UISupportedInterfaceOrientations_iPad = "UIInterfaceOrientationPortrait UIInterfaceOrientationPortraitUpsideDown UIInterfaceOrientationLandscapeLeft UIInterfaceOrientationLandscapeRight";
				INFOPLIST_KEY_UISupportedInterfaceOrientations_iPhone = "UIInterfaceOrientationPortrait UIInterfaceOrientationLandscapeLeft UIInterfaceOrientationLandscapeRight";
				LD_RUNPATH_SEARCH_PATHS = (
					"$(inherited)",
					"@executable_path/Frameworks",
				);
				MARKETING_VERSION = 1.0;
				PRODUCT_BUNDLE_IDENTIFIER = com.odia.apps.Nasa;
				PRODUCT_NAME = "$(TARGET_NAME)";
				SWIFT_EMIT_LOC_STRINGS = YES;
				SWIFT_VERSION = 5.0;
				TARGETED_DEVICE_FAMILY = "1,2";
			};
			name = Release;
		};
		FFC50BEF2AD8BA3400761FEC /* Debug */ = {
			isa = XCBuildConfiguration;
			buildSettings = {
				ALWAYS_EMBED_SWIFT_STANDARD_LIBRARIES = YES;
				BUNDLE_LOADER = "$(TEST_HOST)";
				CODE_SIGN_STYLE = Automatic;
				CURRENT_PROJECT_VERSION = 1;
				DEVELOPMENT_TEAM = 6M84T8YJW2;
				GENERATE_INFOPLIST_FILE = YES;
				IPHONEOS_DEPLOYMENT_TARGET = 17.0;
				MARKETING_VERSION = 1.0;
				PRODUCT_BUNDLE_IDENTIFIER = com.odia.apps.NasaTests;
				PRODUCT_NAME = "$(TARGET_NAME)";
				SWIFT_EMIT_LOC_STRINGS = NO;
				SWIFT_VERSION = 5.0;
				TARGETED_DEVICE_FAMILY = "1,2";
				TEST_HOST = "$(BUILT_PRODUCTS_DIR)/Nasa.app/$(BUNDLE_EXECUTABLE_FOLDER_PATH)/Nasa";
			};
			name = Debug;
		};
		FFC50BF02AD8BA3400761FEC /* Release */ = {
			isa = XCBuildConfiguration;
			buildSettings = {
				ALWAYS_EMBED_SWIFT_STANDARD_LIBRARIES = YES;
				BUNDLE_LOADER = "$(TEST_HOST)";
				CODE_SIGN_STYLE = Automatic;
				CURRENT_PROJECT_VERSION = 1;
				DEVELOPMENT_TEAM = 6M84T8YJW2;
				GENERATE_INFOPLIST_FILE = YES;
				IPHONEOS_DEPLOYMENT_TARGET = 17.0;
				MARKETING_VERSION = 1.0;
				PRODUCT_BUNDLE_IDENTIFIER = com.odia.apps.NasaTests;
				PRODUCT_NAME = "$(TARGET_NAME)";
				SWIFT_EMIT_LOC_STRINGS = NO;
				SWIFT_VERSION = 5.0;
				TARGETED_DEVICE_FAMILY = "1,2";
				TEST_HOST = "$(BUILT_PRODUCTS_DIR)/Nasa.app/$(BUNDLE_EXECUTABLE_FOLDER_PATH)/Nasa";
			};
			name = Release;
		};
		FFC50BF22AD8BA3400761FEC /* Debug */ = {
			isa = XCBuildConfiguration;
			buildSettings = {
				ALWAYS_EMBED_SWIFT_STANDARD_LIBRARIES = YES;
				CODE_SIGN_STYLE = Automatic;
				CURRENT_PROJECT_VERSION = 1;
				DEVELOPMENT_TEAM = 6M84T8YJW2;
				GENERATE_INFOPLIST_FILE = YES;
				MARKETING_VERSION = 1.0;
				PRODUCT_BUNDLE_IDENTIFIER = com.odia.apps.NasaUITests;
				PRODUCT_NAME = "$(TARGET_NAME)";
				SWIFT_EMIT_LOC_STRINGS = NO;
				SWIFT_VERSION = 5.0;
				TARGETED_DEVICE_FAMILY = "1,2";
				TEST_TARGET_NAME = Nasa;
			};
			name = Debug;
		};
		FFC50BF32AD8BA3400761FEC /* Release */ = {
			isa = XCBuildConfiguration;
			buildSettings = {
				ALWAYS_EMBED_SWIFT_STANDARD_LIBRARIES = YES;
				CODE_SIGN_STYLE = Automatic;
				CURRENT_PROJECT_VERSION = 1;
				DEVELOPMENT_TEAM = 6M84T8YJW2;
				GENERATE_INFOPLIST_FILE = YES;
				MARKETING_VERSION = 1.0;
				PRODUCT_BUNDLE_IDENTIFIER = com.odia.apps.NasaUITests;
				PRODUCT_NAME = "$(TARGET_NAME)";
				SWIFT_EMIT_LOC_STRINGS = NO;
				SWIFT_VERSION = 5.0;
				TARGETED_DEVICE_FAMILY = "1,2";
				TEST_TARGET_NAME = Nasa;
			};
			name = Release;
		};
/* End XCBuildConfiguration section */

/* Begin XCConfigurationList section */
		FFC50BC22AD8BA3300761FEC /* Build configuration list for PBXProject "Nasa" */ = {
			isa = XCConfigurationList;
			buildConfigurations = (
				FFC50BE92AD8BA3400761FEC /* Debug */,
				FFC50BEA2AD8BA3400761FEC /* Release */,
			);
			defaultConfigurationIsVisible = 0;
			defaultConfigurationName = Release;
		};
		FFC50BEB2AD8BA3400761FEC /* Build configuration list for PBXNativeTarget "Nasa" */ = {
			isa = XCConfigurationList;
			buildConfigurations = (
				FFC50BEC2AD8BA3400761FEC /* Debug */,
				FFC50BED2AD8BA3400761FEC /* Release */,
			);
			defaultConfigurationIsVisible = 0;
			defaultConfigurationName = Release;
		};
		FFC50BEE2AD8BA3400761FEC /* Build configuration list for PBXNativeTarget "NasaTests" */ = {
			isa = XCConfigurationList;
			buildConfigurations = (
				FFC50BEF2AD8BA3400761FEC /* Debug */,
				FFC50BF02AD8BA3400761FEC /* Release */,
			);
			defaultConfigurationIsVisible = 0;
			defaultConfigurationName = Release;
		};
		FFC50BF12AD8BA3400761FEC /* Build configuration list for PBXNativeTarget "NasaUITests" */ = {
			isa = XCConfigurationList;
			buildConfigurations = (
				FFC50BF22AD8BA3400761FEC /* Debug */,
				FFC50BF32AD8BA3400761FEC /* Release */,
			);
			defaultConfigurationIsVisible = 0;
			defaultConfigurationName = Release;
		};
/* End XCConfigurationList section */
	};
	rootObject = FFC50BBF2AD8BA3300761FEC /* Project object */;
}
